
Microsoft Visual Studio Solution File, Format Version 12.00
# Visual Studio Version 17
VisualStudioVersion = 17.3.32819.101
MinimumVisualStudioVersion = 10.0.40219.1
Project("{2150E333-8FDC-42A3-9474-1A3956D46DE8}") = "src", "src", "{EA31B161-22DB-42F6-B7E6-9709953746FC}"
EndProject
Project("{2150E333-8FDC-42A3-9474-1A3956D46DE8}") = "corePackages", "corePackages", "{5C19BC80-E1DC-42C0-B50F-D0787B6787CB}"
EndProject
Project("{9A19103F-16F7-4668-BE54-9A1E7A4F7556}") = "Core.ElasticSearch", "..\nArchitecture\src\corePackages\Core.ElasticSearch\Core.ElasticSearch.csproj", "{92F0BF6E-E99A-4EB0-A0E1-80371C462134}"
EndProject
Project("{9A19103F-16F7-4668-BE54-9A1E7A4F7556}") = "Core.Mailing", "..\nArchitecture\src\corePackages\Core.Mailing\Core.Mailing.csproj", "{0538BCD5-0BB4-4E48-99F3-E56E54ADD6E4}"
EndProject
Project("{2150E333-8FDC-42A3-9474-1A3956D46DE8}") = "Projects", "Projects", "{5AD4EF88-BC69-4604-8D7B-9606A06C1199}"
EndProject
Project("{2150E333-8FDC-42A3-9474-1A3956D46DE8}") = "KodlamaioDevs", "KodlamaioDevs", "{D59BFC83-32ED-4A56-8D7A-F4EFA5FCB9B2}"
EndProject
Project("{9A19103F-16F7-4668-BE54-9A1E7A4F7556}") = "Application", "src\projects\KodlamaioDevs\Application\Application.csproj", "{EFE39459-11C6-4E68-AB91-F9E448A5EE96}"
EndProject
Project("{9A19103F-16F7-4668-BE54-9A1E7A4F7556}") = "Domain", "src\projects\KodlamaioDevs\Domain\Domain.csproj", "{396A615B-7B5A-4DED-AED0-E47D3B890771}"
EndProject
Project("{9A19103F-16F7-4668-BE54-9A1E7A4F7556}") = "Infrastructor", "src\projects\KodlamaioDevs\Infrastructor\Infrastructor.csproj", "{142C9EBA-053A-4640-9CF1-925DE660B4E9}"
EndProject
Project("{9A19103F-16F7-4668-BE54-9A1E7A4F7556}") = "Persistence", "src\projects\KodlamaioDevs\Persistence\Persistence.csproj", "{20523049-2E8E-4C99-AE83-59BF70AF906A}"
EndProject
Project("{9A19103F-16F7-4668-BE54-9A1E7A4F7556}") = "WebAPI", "src\projects\KodlamaioDevs\WebAPI\WebAPI.csproj", "{9A0C23D1-589E-4DB5-A4EF-973885E9CD08}"
EndProject
Project("{9A19103F-16F7-4668-BE54-9A1E7A4F7556}") = "Core.Application", "src\corePackages\Core.Application\Core.Application.csproj", "{6CEA9300-DA0D-480B-B31F-B2D4368C8C6B}"
EndProject
Project("{9A19103F-16F7-4668-BE54-9A1E7A4F7556}") = "Core.Persistence", "src\corePackages\Core.Persistence\Core.Persistence.csproj", "{04C07624-D0A0-41F3-9A16-4040115DAC0B}"
EndProject
Project("{9A19103F-16F7-4668-BE54-9A1E7A4F7556}") = "Core.CrossCuttingConcerns", "src\corePackages\Core.CrossCuttingConcers\Core.CrossCuttingConcerns.csproj", "{35D45E16-AEB8-4FF4-9BA0-A7F442FF3051}"
EndProject
Project("{9A19103F-16F7-4668-BE54-9A1E7A4F7556}") = "Core.Security", "src\corePackages\Core.Security\Core.Security.csproj", "{E861D74A-16A8-4A67-94B1-2E96A96F5784}"
EndProject
Global
	GlobalSection(SolutionConfigurationPlatforms) = preSolution
		Debug|Any CPU = Debug|Any CPU
		Release|Any CPU = Release|Any CPU
	EndGlobalSection
	GlobalSection(ProjectConfigurationPlatforms) = postSolution
		{92F0BF6E-E99A-4EB0-A0E1-80371C462134}.Debug|Any CPU.ActiveCfg = Debug|Any CPU
		{92F0BF6E-E99A-4EB0-A0E1-80371C462134}.Debug|Any CPU.Build.0 = Debug|Any CPU
		{92F0BF6E-E99A-4EB0-A0E1-80371C462134}.Release|Any CPU.ActiveCfg = Release|Any CPU
		{92F0BF6E-E99A-4EB0-A0E1-80371C462134}.Release|Any CPU.Build.0 = Release|Any CPU
		{0538BCD5-0BB4-4E48-99F3-E56E54ADD6E4}.Debug|Any CPU.ActiveCfg = Debug|Any CPU
		{0538BCD5-0BB4-4E48-99F3-E56E54ADD6E4}.Debug|Any CPU.Build.0 = Debug|Any CPU
		{0538BCD5-0BB4-4E48-99F3-E56E54ADD6E4}.Release|Any CPU.ActiveCfg = Release|Any CPU
		{0538BCD5-0BB4-4E48-99F3-E56E54ADD6E4}.Release|Any CPU.Build.0 = Release|Any CPU
		{EFE39459-11C6-4E68-AB91-F9E448A5EE96}.Debug|Any CPU.ActiveCfg = Debug|Any CPU
		{EFE39459-11C6-4E68-AB91-F9E448A5EE96}.Debug|Any CPU.Build.0 = Debug|Any CPU
		{EFE39459-11C6-4E68-AB91-F9E448A5EE96}.Release|Any CPU.ActiveCfg = Release|Any CPU
		{EFE39459-11C6-4E68-AB91-F9E448A5EE96}.Release|Any CPU.Build.0 = Release|Any CPU
		{396A615B-7B5A-4DED-AED0-E47D3B890771}.Debug|Any CPU.ActiveCfg = Debug|Any CPU
		{396A615B-7B5A-4DED-AED0-E47D3B890771}.Debug|Any CPU.Build.0 = Debug|Any CPU
		{396A615B-7B5A-4DED-AED0-E47D3B890771}.Release|Any CPU.ActiveCfg = Release|Any CPU
		{396A615B-7B5A-4DED-AED0-E47D3B890771}.Release|Any CPU.Build.0 = Release|Any CPU
		{142C9EBA-053A-4640-9CF1-925DE660B4E9}.Debug|Any CPU.ActiveCfg = Debug|Any CPU
		{142C9EBA-053A-4640-9CF1-925DE660B4E9}.Debug|Any CPU.Build.0 = Debug|Any CPU
		{142C9EBA-053A-4640-9CF1-925DE660B4E9}.Release|Any CPU.ActiveCfg = Release|Any CPU
		{142C9EBA-053A-4640-9CF1-925DE660B4E9}.Release|Any CPU.Build.0 = Release|Any CPU
		{20523049-2E8E-4C99-AE83-59BF70AF906A}.Debug|Any CPU.ActiveCfg = Debug|Any CPU
		{20523049-2E8E-4C99-AE83-59BF70AF906A}.Debug|Any CPU.Build.0 = Debug|Any CPU
		{20523049-2E8E-4C99-AE83-59BF70AF906A}.Release|Any CPU.ActiveCfg = Release|Any CPU
		{20523049-2E8E-4C99-AE83-59BF70AF906A}.Release|Any CPU.Build.0 = Release|Any CPU
		{9A0C23D1-589E-4DB5-A4EF-973885E9CD08}.Debug|Any CPU.ActiveCfg = Debug|Any CPU
		{9A0C23D1-589E-4DB5-A4EF-973885E9CD08}.Debug|Any CPU.Build.0 = Debug|Any CPU
		{9A0C23D1-589E-4DB5-A4EF-973885E9CD08}.Release|Any CPU.ActiveCfg = Release|Any CPU
		{9A0C23D1-589E-4DB5-A4EF-973885E9CD08}.Release|Any CPU.Build.0 = Release|Any CPU
		{6CEA9300-DA0D-480B-B31F-B2D4368C8C6B}.Debug|Any CPU.ActiveCfg = Debug|Any CPU
		{6CEA9300-DA0D-480B-B31F-B2D4368C8C6B}.Debug|Any CPU.Build.0 = Debug|Any CPU
		{6CEA9300-DA0D-480B-B31F-B2D4368C8C6B}.Release|Any CPU.ActiveCfg = Release|Any CPU
		{6CEA9300-DA0D-480B-B31F-B2D4368C8C6B}.Release|Any CPU.Build.0 = Release|Any CPU
		{04C07624-D0A0-41F3-9A16-4040115DAC0B}.Debug|Any CPU.ActiveCfg = Debug|Any CPU
		{04C07624-D0A0-41F3-9A16-4040115DAC0B}.Debug|Any CPU.Build.0 = Debug|Any CPU
		{04C07624-D0A0-41F3-9A16-4040115DAC0B}.Release|Any CPU.ActiveCfg = Release|Any CPU
		{04C07624-D0A0-41F3-9A16-4040115DAC0B}.Release|Any CPU.Build.0 = Release|Any CPU
		{35D45E16-AEB8-4FF4-9BA0-A7F442FF3051}.Debug|Any CPU.ActiveCfg = Debug|Any CPU
		{35D45E16-AEB8-4FF4-9BA0-A7F442FF3051}.Debug|Any CPU.Build.0 = Debug|Any CPU
		{35D45E16-AEB8-4FF4-9BA0-A7F442FF3051}.Release|Any CPU.ActiveCfg = Release|Any CPU
		{35D45E16-AEB8-4FF4-9BA0-A7F442FF3051}.Release|Any CPU.Build.0 = Release|Any CPU
		{E861D74A-16A8-4A67-94B1-2E96A96F5784}.Debug|Any CPU.ActiveCfg = Debug|Any CPU
		{E861D74A-16A8-4A67-94B1-2E96A96F5784}.Debug|Any CPU.Build.0 = Debug|Any CPU
		{E861D74A-16A8-4A67-94B1-2E96A96F5784}.Release|Any CPU.ActiveCfg = Release|Any CPU
		{E861D74A-16A8-4A67-94B1-2E96A96F5784}.Release|Any CPU.Build.0 = Release|Any CPU
	EndGlobalSection
	GlobalSection(SolutionProperties) = preSolution
		HideSolutionNode = FALSE
	EndGlobalSection
	GlobalSection(NestedProjects) = preSolution
		{5C19BC80-E1DC-42C0-B50F-D0787B6787CB} = {EA31B161-22DB-42F6-B7E6-9709953746FC}
		{92F0BF6E-E99A-4EB0-A0E1-80371C462134} = {5C19BC80-E1DC-42C0-B50F-D0787B6787CB}
		{0538BCD5-0BB4-4E48-99F3-E56E54ADD6E4} = {5C19BC80-E1DC-42C0-B50F-D0787B6787CB}
		{5AD4EF88-BC69-4604-8D7B-9606A06C1199} = {EA31B161-22DB-42F6-B7E6-9709953746FC}
		{D59BFC83-32ED-4A56-8D7A-F4EFA5FCB9B2} = {5AD4EF88-BC69-4604-8D7B-9606A06C1199}
		{EFE39459-11C6-4E68-AB91-F9E448A5EE96} = {D59BFC83-32ED-4A56-8D7A-F4EFA5FCB9B2}
		{396A615B-7B5A-4DED-AED0-E47D3B890771} = {D59BFC83-32ED-4A56-8D7A-F4EFA5FCB9B2}
		{142C9EBA-053A-4640-9CF1-925DE660B4E9} = {D59BFC83-32ED-4A56-8D7A-F4EFA5FCB9B2}
		{20523049-2E8E-4C99-AE83-59BF70AF906A} = {D59BFC83-32ED-4A56-8D7A-F4EFA5FCB9B2}
		{9A0C23D1-589E-4DB5-A4EF-973885E9CD08} = {D59BFC83-32ED-4A56-8D7A-F4EFA5FCB9B2}
		{6CEA9300-DA0D-480B-B31F-B2D4368C8C6B} = {5C19BC80-E1DC-42C0-B50F-D0787B6787CB}
		{04C07624-D0A0-41F3-9A16-4040115DAC0B} = {5C19BC80-E1DC-42C0-B50F-D0787B6787CB}
		{35D45E16-AEB8-4FF4-9BA0-A7F442FF3051} = {5C19BC80-E1DC-42C0-B50F-D0787B6787CB}
		{E861D74A-16A8-4A67-94B1-2E96A96F5784} = {5C19BC80-E1DC-42C0-B50F-D0787B6787CB}
	EndGlobalSection
	GlobalSection(ExtensibilityGlobals) = postSolution
		SolutionGuid = {B61FEDD3-43FC-466A-B7A1-0E96EBA4A0FA}
	EndGlobalSection
EndGlobal
