
Microsoft Visual Studio Solution File, Format Version 12.00
# Visual Studio Version 17
VisualStudioVersion = 17.3.32819.101
MinimumVisualStudioVersion = 10.0.40219.1
Project("{2150E333-8FDC-42A3-9474-1A3956D46DE8}") = "src", "src", "{EA31B161-22DB-42F6-B7E6-9709953746FC}"
EndProject
Project("{2150E333-8FDC-42A3-9474-1A3956D46DE8}") = "corePackages", "corePackages", "{5C19BC80-E1DC-42C0-B50F-D0787B6787CB}"
EndProject
Project("{9A19103F-16F7-4668-BE54-9A1E7A4F7556}") = "Core.Application", "..\nArchitecture\src\corePackages\Core.Application\Core.Application.csproj", "{4CBCD5EE-5A29-4C8E-9619-F04D60CC1D55}"
EndProject
Project("{9A19103F-16F7-4668-BE54-9A1E7A4F7556}") = "Core.CrossCuttingConcerns", "..\nArchitecture\src\corePackages\Core.CrossCuttingConcers\Core.CrossCuttingConcerns.csproj", "{4B4D4C5D-68CB-4D80-B9AB-D9E76E300217}"
EndProject
Project("{9A19103F-16F7-4668-BE54-9A1E7A4F7556}") = "Core.ElasticSearch", "..\nArchitecture\src\corePackages\Core.ElasticSearch\Core.ElasticSearch.csproj", "{92F0BF6E-E99A-4EB0-A0E1-80371C462134}"
EndProject
Project("{9A19103F-16F7-4668-BE54-9A1E7A4F7556}") = "Core.Mailing", "..\nArchitecture\src\corePackages\Core.Mailing\Core.Mailing.csproj", "{0538BCD5-0BB4-4E48-99F3-E56E54ADD6E4}"
EndProject
Project("{9A19103F-16F7-4668-BE54-9A1E7A4F7556}") = "Core.Persistence", "..\nArchitecture\src\corePackages\Core.Persistence\Core.Persistence.csproj", "{6C2199F7-0A4D-49CE-95D4-BF4CE82B451E}"
EndProject
Project("{9A19103F-16F7-4668-BE54-9A1E7A4F7556}") = "Core.Security", "..\nArchitecture\src\corePackages\Core.Security\Core.Security.csproj", "{E0178AEE-C087-4F12-B700-38C9B28AF85E}"
EndProject
Project("{2150E333-8FDC-42A3-9474-1A3956D46DE8}") = "Projects", "Projects", "{5AD4EF88-BC69-4604-8D7B-9606A06C1199}"
EndProject
Project("{2150E333-8FDC-42A3-9474-1A3956D46DE8}") = "KodlamaioDevs", "KodlamaioDevs", "{D59BFC83-32ED-4A56-8D7A-F4EFA5FCB9B2}"
EndProject
Project("{FAE04EC0-301F-11D3-BF4B-00C04F79EFBC}") = "Application", "src\projects\KodlamaioDevs\Application\Application.csproj", "{EFE39459-11C6-4E68-AB91-F9E448A5EE96}"
EndProject
Project("{FAE04EC0-301F-11D3-BF4B-00C04F79EFBC}") = "Domain", "Domain\Domain.csproj", "{8397D2F0-332E-4161-9E81-0B48C3185292}"
EndProject
Project("{FAE04EC0-301F-11D3-BF4B-00C04F79EFBC}") = "Infrastructor", "Infrastructor\Infrastructor.csproj", "{FD7ED9CF-90E3-46F8-B850-3EB771C819DC}"
EndProject
Project("{FAE04EC0-301F-11D3-BF4B-00C04F79EFBC}") = "WebAPI", "WebAPI\WebAPI.csproj", "{259A151D-88B8-432B-926A-FF27A0AE5920}"
EndProject
Project("{FAE04EC0-301F-11D3-BF4B-00C04F79EFBC}") = "Persistence", "Persistence\Persistence.csproj", "{5F7F6754-779F-4952-BDA9-F1DE08E7E56A}"
EndProject
Global
	GlobalSection(SolutionConfigurationPlatforms) = preSolution
		Debug|Any CPU = Debug|Any CPU
		Release|Any CPU = Release|Any CPU
	EndGlobalSection
	GlobalSection(ProjectConfigurationPlatforms) = postSolution
		{4CBCD5EE-5A29-4C8E-9619-F04D60CC1D55}.Debug|Any CPU.ActiveCfg = Debug|Any CPU
		{4CBCD5EE-5A29-4C8E-9619-F04D60CC1D55}.Debug|Any CPU.Build.0 = Debug|Any CPU
		{4CBCD5EE-5A29-4C8E-9619-F04D60CC1D55}.Release|Any CPU.ActiveCfg = Release|Any CPU
		{4CBCD5EE-5A29-4C8E-9619-F04D60CC1D55}.Release|Any CPU.Build.0 = Release|Any CPU
		{4B4D4C5D-68CB-4D80-B9AB-D9E76E300217}.Debug|Any CPU.ActiveCfg = Debug|Any CPU
		{4B4D4C5D-68CB-4D80-B9AB-D9E76E300217}.Debug|Any CPU.Build.0 = Debug|Any CPU
		{4B4D4C5D-68CB-4D80-B9AB-D9E76E300217}.Release|Any CPU.ActiveCfg = Release|Any CPU
		{4B4D4C5D-68CB-4D80-B9AB-D9E76E300217}.Release|Any CPU.Build.0 = Release|Any CPU
		{92F0BF6E-E99A-4EB0-A0E1-80371C462134}.Debug|Any CPU.ActiveCfg = Debug|Any CPU
		{92F0BF6E-E99A-4EB0-A0E1-80371C462134}.Debug|Any CPU.Build.0 = Debug|Any CPU
		{92F0BF6E-E99A-4EB0-A0E1-80371C462134}.Release|Any CPU.ActiveCfg = Release|Any CPU
		{92F0BF6E-E99A-4EB0-A0E1-80371C462134}.Release|Any CPU.Build.0 = Release|Any CPU
		{0538BCD5-0BB4-4E48-99F3-E56E54ADD6E4}.Debug|Any CPU.ActiveCfg = Debug|Any CPU
		{0538BCD5-0BB4-4E48-99F3-E56E54ADD6E4}.Debug|Any CPU.Build.0 = Debug|Any CPU
		{0538BCD5-0BB4-4E48-99F3-E56E54ADD6E4}.Release|Any CPU.ActiveCfg = Release|Any CPU
		{0538BCD5-0BB4-4E48-99F3-E56E54ADD6E4}.Release|Any CPU.Build.0 = Release|Any CPU
		{6C2199F7-0A4D-49CE-95D4-BF4CE82B451E}.Debug|Any CPU.ActiveCfg = Debug|Any CPU
		{6C2199F7-0A4D-49CE-95D4-BF4CE82B451E}.Debug|Any CPU.Build.0 = Debug|Any CPU
		{6C2199F7-0A4D-49CE-95D4-BF4CE82B451E}.Release|Any CPU.ActiveCfg = Release|Any CPU
		{6C2199F7-0A4D-49CE-95D4-BF4CE82B451E}.Release|Any CPU.Build.0 = Release|Any CPU
		{E0178AEE-C087-4F12-B700-38C9B28AF85E}.Debug|Any CPU.ActiveCfg = Debug|Any CPU
		{E0178AEE-C087-4F12-B700-38C9B28AF85E}.Debug|Any CPU.Build.0 = Debug|Any CPU
		{E0178AEE-C087-4F12-B700-38C9B28AF85E}.Release|Any CPU.ActiveCfg = Release|Any CPU
		{E0178AEE-C087-4F12-B700-38C9B28AF85E}.Release|Any CPU.Build.0 = Release|Any CPU
		{EFE39459-11C6-4E68-AB91-F9E448A5EE96}.Debug|Any CPU.ActiveCfg = Debug|Any CPU
		{EFE39459-11C6-4E68-AB91-F9E448A5EE96}.Debug|Any CPU.Build.0 = Debug|Any CPU
		{EFE39459-11C6-4E68-AB91-F9E448A5EE96}.Release|Any CPU.ActiveCfg = Release|Any CPU
		{EFE39459-11C6-4E68-AB91-F9E448A5EE96}.Release|Any CPU.Build.0 = Release|Any CPU
		{8397D2F0-332E-4161-9E81-0B48C3185292}.Debug|Any CPU.ActiveCfg = Debug|Any CPU
		{8397D2F0-332E-4161-9E81-0B48C3185292}.Debug|Any CPU.Build.0 = Debug|Any CPU
		{8397D2F0-332E-4161-9E81-0B48C3185292}.Release|Any CPU.ActiveCfg = Release|Any CPU
		{8397D2F0-332E-4161-9E81-0B48C3185292}.Release|Any CPU.Build.0 = Release|Any CPU
		{FD7ED9CF-90E3-46F8-B850-3EB771C819DC}.Debug|Any CPU.ActiveCfg = Debug|Any CPU
		{FD7ED9CF-90E3-46F8-B850-3EB771C819DC}.Debug|Any CPU.Build.0 = Debug|Any CPU
		{FD7ED9CF-90E3-46F8-B850-3EB771C819DC}.Release|Any CPU.ActiveCfg = Release|Any CPU
		{FD7ED9CF-90E3-46F8-B850-3EB771C819DC}.Release|Any CPU.Build.0 = Release|Any CPU
		{259A151D-88B8-432B-926A-FF27A0AE5920}.Debug|Any CPU.ActiveCfg = Debug|Any CPU
		{259A151D-88B8-432B-926A-FF27A0AE5920}.Debug|Any CPU.Build.0 = Debug|Any CPU
		{259A151D-88B8-432B-926A-FF27A0AE5920}.Release|Any CPU.ActiveCfg = Release|Any CPU
		{259A151D-88B8-432B-926A-FF27A0AE5920}.Release|Any CPU.Build.0 = Release|Any CPU
		{5F7F6754-779F-4952-BDA9-F1DE08E7E56A}.Debug|Any CPU.ActiveCfg = Debug|Any CPU
		{5F7F6754-779F-4952-BDA9-F1DE08E7E56A}.Debug|Any CPU.Build.0 = Debug|Any CPU
		{5F7F6754-779F-4952-BDA9-F1DE08E7E56A}.Release|Any CPU.ActiveCfg = Release|Any CPU
		{5F7F6754-779F-4952-BDA9-F1DE08E7E56A}.Release|Any CPU.Build.0 = Release|Any CPU
	EndGlobalSection
	GlobalSection(SolutionProperties) = preSolution
		HideSolutionNode = FALSE
	EndGlobalSection
	GlobalSection(NestedProjects) = preSolution
		{5C19BC80-E1DC-42C0-B50F-D0787B6787CB} = {EA31B161-22DB-42F6-B7E6-9709953746FC}
		{4CBCD5EE-5A29-4C8E-9619-F04D60CC1D55} = {5C19BC80-E1DC-42C0-B50F-D0787B6787CB}
		{4B4D4C5D-68CB-4D80-B9AB-D9E76E300217} = {5C19BC80-E1DC-42C0-B50F-D0787B6787CB}
		{92F0BF6E-E99A-4EB0-A0E1-80371C462134} = {5C19BC80-E1DC-42C0-B50F-D0787B6787CB}
		{0538BCD5-0BB4-4E48-99F3-E56E54ADD6E4} = {5C19BC80-E1DC-42C0-B50F-D0787B6787CB}
		{6C2199F7-0A4D-49CE-95D4-BF4CE82B451E} = {5C19BC80-E1DC-42C0-B50F-D0787B6787CB}
		{E0178AEE-C087-4F12-B700-38C9B28AF85E} = {5C19BC80-E1DC-42C0-B50F-D0787B6787CB}
		{5AD4EF88-BC69-4604-8D7B-9606A06C1199} = {EA31B161-22DB-42F6-B7E6-9709953746FC}
		{D59BFC83-32ED-4A56-8D7A-F4EFA5FCB9B2} = {5AD4EF88-BC69-4604-8D7B-9606A06C1199}
		{EFE39459-11C6-4E68-AB91-F9E448A5EE96} = {D59BFC83-32ED-4A56-8D7A-F4EFA5FCB9B2}
		{8397D2F0-332E-4161-9E81-0B48C3185292} = {D59BFC83-32ED-4A56-8D7A-F4EFA5FCB9B2}
		{FD7ED9CF-90E3-46F8-B850-3EB771C819DC} = {D59BFC83-32ED-4A56-8D7A-F4EFA5FCB9B2}
		{259A151D-88B8-432B-926A-FF27A0AE5920} = {D59BFC83-32ED-4A56-8D7A-F4EFA5FCB9B2}
		{5F7F6754-779F-4952-BDA9-F1DE08E7E56A} = {D59BFC83-32ED-4A56-8D7A-F4EFA5FCB9B2}
	EndGlobalSection
	GlobalSection(ExtensibilityGlobals) = postSolution
		SolutionGuid = {B61FEDD3-43FC-466A-B7A1-0E96EBA4A0FA}
	EndGlobalSection
EndGlobal
